// !$*UTF8*$!
{
	archiveVersion = 1;
	classes = {
	};
	objectVersion = 46;
	objects = {

/* Begin PBXBuildFile section */
		1C11A2291D63E0100025473F /* bootchoice.sh in Resources */ = {isa = PBXBuildFile; fileRef = 1C11A2281D63E0100025473F /* bootchoice.sh */; };
		1C9C227D1D6363BD00B38154 /* AppDelegate.swift in Sources */ = {isa = PBXBuildFile; fileRef = 1C9C227C1D6363BD00B38154 /* AppDelegate.swift */; };
		1C9C227F1D6363BD00B38154 /* Assets.xcassets in Resources */ = {isa = PBXBuildFile; fileRef = 1C9C227E1D6363BD00B38154 /* Assets.xcassets */; };
		1C9C22821D6363BD00B38154 /* MainMenu.xib in Resources */ = {isa = PBXBuildFile; fileRef = 1C9C22801D6363BD00B38154 /* MainMenu.xib */; };
/* End PBXBuildFile section */

/* Begin PBXFileReference section */
		1C11A2281D63E0100025473F /* bootchoice.sh */ = {isa = PBXFileReference; fileEncoding = 4; lastKnownFileType = text.script.sh; path = bootchoice.sh; sourceTree = "<group>"; };
		1C9C22791D6363BD00B38154 /* Bootchoice.app */ = {isa = PBXFileReference; explicitFileType = wrapper.application; includeInIndex = 0; path = Bootchoice.app; sourceTree = BUILT_PRODUCTS_DIR; };
		1C9C227C1D6363BD00B38154 /* AppDelegate.swift */ = {isa = PBXFileReference; lastKnownFileType = sourcecode.swift; name = AppDelegate.swift; path = Bootchoice/AppDelegate.swift; sourceTree = SOURCE_ROOT; };
		1C9C227E1D6363BD00B38154 /* Assets.xcassets */ = {isa = PBXFileReference; lastKnownFileType = folder.assetcatalog; path = Assets.xcassets; sourceTree = "<group>"; };
		1C9C22811D6363BD00B38154 /* Base */ = {isa = PBXFileReference; lastKnownFileType = file.xib; name = Base; path = Base.lproj/MainMenu.xib; sourceTree = "<group>"; };
		1C9C22831D6363BD00B38154 /* Info.plist */ = {isa = PBXFileReference; lastKnownFileType = text.plist.xml; path = Info.plist; sourceTree = "<group>"; };
/* End PBXFileReference section */

/* Begin PBXFrameworksBuildPhase section */
		1C9C22761D6363BD00B38154 /* Frameworks */ = {
			isa = PBXFrameworksBuildPhase;
			buildActionMask = 2147483647;
			files = (
			);
			runOnlyForDeploymentPostprocessing = 0;
		};
/* End PBXFrameworksBuildPhase section */

/* Begin PBXGroup section */
		1C9C22701D6363BD00B38154 = {
			isa = PBXGroup;
			children = (
				1C9C227B1D6363BD00B38154 /* Bootchoice */,
				1C9C227A1D6363BD00B38154 /* Products */,
			);
			sourceTree = "<group>";
		};
		1C9C227A1D6363BD00B38154 /* Products */ = {
			isa = PBXGroup;
			children = (
				1C9C22791D6363BD00B38154 /* Bootchoice.app */,
			);
			name = Products;
			sourceTree = "<group>";
		};
		1C9C227B1D6363BD00B38154 /* Bootchoice */ = {
			isa = PBXGroup;
			children = (
				1C9C227C1D6363BD00B38154 /* AppDelegate.swift */,
				1C11A2281D63E0100025473F /* bootchoice.sh */,
				1C9C227E1D6363BD00B38154 /* Assets.xcassets */,
				1C9C22801D6363BD00B38154 /* MainMenu.xib */,
				1C9C22831D6363BD00B38154 /* Info.plist */,
			);
			path = Bootchoice;
			sourceTree = "<group>";
		};
/* End PBXGroup section */

/* Begin PBXNativeTarget section */
		1C9C22781D6363BD00B38154 /* Bootchoice */ = {
			isa = PBXNativeTarget;
			buildConfigurationList = 1C9C22861D6363BD00B38154 /* Build configuration list for PBXNativeTarget "Bootchoice" */;
			buildPhases = (
				1C9C22751D6363BD00B38154 /* Sources */,
				1C9C22761D6363BD00B38154 /* Frameworks */,
				1C9C22771D6363BD00B38154 /* Resources */,
			);
			buildRules = (
			);
			dependencies = (
			);
			name = Bootchoice;
			productName = Bootchoice;
			productReference = 1C9C22791D6363BD00B38154 /* Bootchoice.app */;
			productType = "com.apple.product-type.application";
		};
/* End PBXNativeTarget section */

/* Begin PBXProject section */
		1C9C22711D6363BD00B38154 /* Project object */ = {
			isa = PBXProject;
			attributes = {
				LastSwiftUpdateCheck = 0720;
				LastUpgradeCheck = 0720;
				ORGANIZATIONNAME = "Stott, Cameron";
				TargetAttributes = {
					1C9C22781D6363BD00B38154 = {
						CreatedOnToolsVersion = 7.2;
					};
				};
			};
			buildConfigurationList = 1C9C22741D6363BD00B38154 /* Build configuration list for PBXProject "Bootchoice" */;
			compatibilityVersion = "Xcode 3.2";
			developmentRegion = English;
			hasScannedForEncodings = 0;
			knownRegions = (
				en,
				Base,
			);
			mainGroup = 1C9C22701D6363BD00B38154;
			productRefGroup = 1C9C227A1D6363BD00B38154 /* Products */;
			projectDirPath = "";
			projectRoot = "";
			targets = (
				1C9C22781D6363BD00B38154 /* Bootchoice */,
			);
		};
/* End PBXProject section */

/* Begin PBXResourcesBuildPhase section */
		1C9C22771D6363BD00B38154 /* Resources */ = {
			isa = PBXResourcesBuildPhase;
			buildActionMask = 2147483647;
			files = (
				1C11A2291D63E0100025473F /* bootchoice.sh in Resources */,
				1C9C227F1D6363BD00B38154 /* Assets.xcassets in Resources */,
				1C9C22821D6363BD00B38154 /* MainMenu.xib in Resources */,
			);
			runOnlyForDeploymentPostprocessing = 0;
		};
/* End PBXResourcesBuildPhase section */

/* Begin PBXSourcesBuildPhase section */
		1C9C22751D6363BD00B38154 /* Sources */ = {
			isa = PBXSourcesBuildPhase;
			buildActionMask = 2147483647;
			files = (
				1C9C227D1D6363BD00B38154 /* AppDelegate.swift in Sources */,
			);
			runOnlyForDeploymentPostprocessing = 0;
		};
/* End PBXSourcesBuildPhase section */

/* Begin PBXVariantGroup section */
		1C9C22801D6363BD00B38154 /* MainMenu.xib */ = {
			isa = PBXVariantGroup;
			children = (
				1C9C22811D6363BD00B38154 /* Base */,
			);
			name = MainMenu.xib;
			sourceTree = "<group>";
		};
/* End PBXVariantGroup section */

/* Begin XCBuildConfiguration section */
		1C9C22841D6363BD00B38154 /* Debug */ = {
			isa = XCBuildConfiguration;
			buildSettings = {
				ALWAYS_SEARCH_USER_PATHS = NO;
				CLANG_CXX_LANGUAGE_STANDARD = "gnu++0x";
				CLANG_CXX_LIBRARY = "libc++";
				CLANG_ENABLE_MODULES = YES;
				CLANG_ENABLE_OBJC_ARC = YES;
				CLANG_WARN_BOOL_CONVERSION = YES;
				CLANG_WARN_CONSTANT_CONVERSION = YES;
				CLANG_WARN_DIRECT_OBJC_ISA_USAGE = YES_ERROR;
				CLANG_WARN_EMPTY_BODY = YES;
				CLANG_WARN_ENUM_CONVERSION = YES;
				CLANG_WARN_INT_CONVERSION = YES;
				CLANG_WARN_OBJC_ROOT_CLASS = YES_ERROR;
				CLANG_WARN_UNREACHABLE_CODE = YES;
				CLANG_WARN__DUPLICATE_METHOD_MATCH = YES;
				CODE_SIGN_IDENTITY = "-";
				COPY_PHASE_STRIP = NO;
				DEBUG_INFORMATION_FORMAT = dwarf;
				ENABLE_STRICT_OBJC_MSGSEND = YES;
				ENABLE_TESTABILITY = YES;
				GCC_C_LANGUAGE_STANDARD = gnu99;
				GCC_DYNAMIC_NO_PIC = NO;
				GCC_NO_COMMON_BLOCKS = YES;
				GCC_OPTIMIZATION_LEVEL = 0;
				GCC_PREPROCESSOR_DEFINITIONS = (
					"DEBUG=1",
					"$(inherited)",
				);
				GCC_WARN_64_TO_32_BIT_CONVERSION = YES;
				GCC_WARN_ABOUT_RETURN_TYPE = YES_ERROR;
				GCC_WARN_UNDECLARED_SELECTOR = YES;
				GCC_WARN_UNINITIALIZED_AUTOS = YES_AGGRESSIVE;
				GCC_WARN_UNUSED_FUNCTION = YES;
				GCC_WARN_UNUSED_VARIABLE = YES;
				MACOSX_DEPLOYMENT_TARGET = 10.11;
				MTL_ENABLE_DEBUG_INFO = YES;
				ONLY_ACTIVE_ARCH = YES;
				SDKROOT = macosx;
				SWIFT_OPTIMIZATION_LEVEL = "-Onone";
			};
			name = Debug;
		};
		1C9C22851D6363BD00B38154 /* Release */ = {
			isa = XCBuildConfiguration;
			buildSettings = {
				ALWAYS_SEARCH_USER_PATHS = NO;
				CLANG_CXX_LANGUAGE_STANDARD = "gnu++0x";
				CLANG_CXX_LIBRARY = "libc++";
				CLANG_ENABLE_MODULES = YES;
				CLANG_ENABLE_OBJC_ARC = YES;
				CLANG_WARN_BOOL_CONVERSION = YES;
				CLANG_WARN_CONSTANT_CONVERSION = YES;
				CLANG_WARN_DIRECT_OBJC_ISA_USAGE = YES_ERROR;
				CLANG_WARN_EMPTY_BODY = YES;
				CLANG_WARN_ENUM_CONVERSION = YES;
				CLANG_WARN_INT_CONVERSION = YES;
				CLANG_WARN_OBJC_ROOT_CLASS = YES_ERROR;
				CLANG_WARN_UNREACHABLE_CODE = YES;
				CLANG_WARN__DUPLICATE_METHOD_MATCH = YES;
				CODE_SIGN_IDENTITY = "-";
				COPY_PHASE_STRIP = NO;
				DEBUG_INFORMATION_FORMAT = "dwarf-with-dsym";
				ENABLE_NS_ASSERTIONS = NO;
				ENABLE_STRICT_OBJC_MSGSEND = YES;
				GCC_C_LANGUAGE_STANDARD = gnu99;
				GCC_NO_COMMON_BLOCKS = YES;
				GCC_WARN_64_TO_32_BIT_CONVERSION = YES;
				GCC_WARN_ABOUT_RETURN_TYPE = YES_ERROR;
				GCC_WARN_UNDECLARED_SELECTOR = YES;
				GCC_WARN_UNINITIALIZED_AUTOS = YES_AGGRESSIVE;
				GCC_WARN_UNUSED_FUNCTION = YES;
				GCC_WARN_UNUSED_VARIABLE = YES;
				MACOSX_DEPLOYMENT_TARGET = 10.11;
				MTL_ENABLE_DEBUG_INFO = NO;
				SDKROOT = macosx;
			};
			name = Release;
		};
		1C9C22871D6363BD00B38154 /* Debug */ = {
			isa = XCBuildConfiguration;
			buildSettings = {
				ASSETCATALOG_COMPILER_APPICON_NAME = AppIcon;
				COMBINE_HIDPI_IMAGES = YES;
				INFOPLIST_FILE = Bootchoice/Info.plist;
				LD_RUNPATH_SEARCH_PATHS = "$(inherited) @executable_path/../Frameworks";
				MACOSX_DEPLOYMENT_TARGET = 10.11;
				PRODUCT_BUNDLE_IDENTIFIER = ca.ocadu.Bootchoice;
				PRODUCT_NAME = "$(TARGET_NAME)";
			};
			name = Debug;
		};
		1C9C22881D6363BD00B38154 /* Release */ = {
			isa = XCBuildConfiguration;
			buildSettings = {
				ASSETCATALOG_COMPILER_APPICON_NAME = AppIcon;
				COMBINE_HIDPI_IMAGES = YES;
				INFOPLIST_FILE = Bootchoice/Info.plist;
				LD_RUNPATH_SEARCH_PATHS = "$(inherited) @executable_path/../Frameworks";
				MACOSX_DEPLOYMENT_TARGET = 10.11;
				PRODUCT_BUNDLE_IDENTIFIER = ca.ocadu.Bootchoice;
				PRODUCT_NAME = "$(TARGET_NAME)";
			};
			name = Release;
		};
/* End XCBuildConfiguration section */

/* Begin XCConfigurationList section */
		1C9C22741D6363BD00B38154 /* Build configuration list for PBXProject "Bootchoice" */ = {
			isa = XCConfigurationList;
			buildConfigurations = (
				1C9C22841D6363BD00B38154 /* Debug */,
				1C9C22851D6363BD00B38154 /* Release */,
			);
			defaultConfigurationIsVisible = 0;
			defaultConfigurationName = Release;
		};
		1C9C22861D6363BD00B38154 /* Build configuration list for PBXNativeTarget "Bootchoice" */ = {
			isa = XCConfigurationList;
			buildConfigurations = (
				1C9C22871D6363BD00B38154 /* Debug */,
				1C9C22881D6363BD00B38154 /* Release */,
			);
			defaultConfigurationIsVisible = 0;
			defaultConfigurationName = Release;
		};
/* End XCConfigurationList section */
	};
	rootObject = 1C9C22711D6363BD00B38154 /* Project object */;
}
